
Microsoft Visual Studio Solution File, Format Version 12.00
# Visual Studio 2015
Project("{FAE04EC0-301F-11D3-BF4B-00C04F79EFBC}") = "ZomGolfv8.CSharp", "ZomGolfv8.CSharp.csproj", "{0252BFE5-DCCB-558F-600E-25A851523CFC}"
EndProject
Global
	GlobalSection(SolutionConfigurationPlatforms) = preSolution
		Debug|Any CPU = Debug|Any CPU
		Release|Any CPU = Release|Any CPU
	EndGlobalSection
	GlobalSection(ProjectConfigurationPlatforms) = postSolution
		{0252BFE5-DCCB-558F-600E-25A851523CFC}.Debug|Any CPU.ActiveCfg = Debug|Any CPU
		{0252BFE5-DCCB-558F-600E-25A851523CFC}.Debug|Any CPU.Build.0 = Debug|Any CPU
		{0252BFE5-DCCB-558F-600E-25A851523CFC}.Release|Any CPU.ActiveCfg = Release|Any CPU
		{0252BFE5-DCCB-558F-600E-25A851523CFC}.Release|Any CPU.Build.0 = Release|Any CPU
	EndGlobalSection
	GlobalSection(SolutionProperties) = preSolution
		HideSolutionNode = FALSE
	EndGlobalSection
EndGlobal
