
Microsoft Visual Studio Solution File, Format Version 12.00
# Visual Studio 2015
Project("{FAE04EC0-301F-11D3-BF4B-00C04F79EFBC}") = "ZomGolfv2.CSharp", "ZomGolfv2.CSharp.csproj", "{266A1B94-BD68-81B8-FB2E-64F5EB3CCFE9}"
EndProject
Global
	GlobalSection(SolutionConfigurationPlatforms) = preSolution
		Debug|Any CPU = Debug|Any CPU
		Release|Any CPU = Release|Any CPU
	EndGlobalSection
	GlobalSection(ProjectConfigurationPlatforms) = postSolution
		{266A1B94-BD68-81B8-FB2E-64F5EB3CCFE9}.Debug|Any CPU.ActiveCfg = Debug|Any CPU
		{266A1B94-BD68-81B8-FB2E-64F5EB3CCFE9}.Debug|Any CPU.Build.0 = Debug|Any CPU
		{266A1B94-BD68-81B8-FB2E-64F5EB3CCFE9}.Release|Any CPU.ActiveCfg = Release|Any CPU
		{266A1B94-BD68-81B8-FB2E-64F5EB3CCFE9}.Release|Any CPU.Build.0 = Release|Any CPU
	EndGlobalSection
	GlobalSection(SolutionProperties) = preSolution
		HideSolutionNode = FALSE
	EndGlobalSection
EndGlobal
